
Microsoft Visual Studio Solution File, Format Version 11.00
# Visual Studio 2010
Project("{FAE04EC0-301F-11D3-BF4B-00C04F79EFBC}") = "Assembly-CSharp", "Assembly-CSharp.csproj", "{2E0EF08D-D16B-EBA7-343B-2C1F90A86F01}"
EndProject
Project("{FAE04EC0-301F-11D3-BF4B-00C04F79EFBC}") = "Assembly-CSharp-Editor", "Assembly-CSharp-Editor.csproj", "{54F3CD24-0E6E-969A-0363-1F4044142CAD}"
EndProject
Global
	GlobalSection(SolutionConfigurationPlatforms) = preSolution
		Debug|Any CPU = Debug|Any CPU
		Release|Any CPU = Release|Any CPU
	EndGlobalSection
	GlobalSection(ProjectConfigurationPlatforms) = postSolution
		{2E0EF08D-D16B-EBA7-343B-2C1F90A86F01}.Debug|Any CPU.ActiveCfg = Debug|Any CPU
		{2E0EF08D-D16B-EBA7-343B-2C1F90A86F01}.Debug|Any CPU.Build.0 = Debug|Any CPU
		{2E0EF08D-D16B-EBA7-343B-2C1F90A86F01}.Release|Any CPU.ActiveCfg = Release|Any CPU
		{2E0EF08D-D16B-EBA7-343B-2C1F90A86F01}.Release|Any CPU.Build.0 = Release|Any CPU
		{54F3CD24-0E6E-969A-0363-1F4044142CAD}.Debug|Any CPU.ActiveCfg = Debug|Any CPU
		{54F3CD24-0E6E-969A-0363-1F4044142CAD}.Debug|Any CPU.Build.0 = Debug|Any CPU
		{54F3CD24-0E6E-969A-0363-1F4044142CAD}.Release|Any CPU.ActiveCfg = Release|Any CPU
		{54F3CD24-0E6E-969A-0363-1F4044142CAD}.Release|Any CPU.Build.0 = Release|Any CPU
	EndGlobalSection
	GlobalSection(SolutionProperties) = preSolution
		HideSolutionNode = FALSE
	EndGlobalSection
	GlobalSection(MonoDevelopProperties) = preSolution
		StartupItem = Assembly-CSharp.csproj
	EndGlobalSection
EndGlobal
